
Microsoft Visual Studio Solution File, Format Version 12.00
# Visual Studio Version 17
VisualStudioVersion = 17.4.33213.308
MinimumVisualStudioVersion = 10.0.40219.1
Project("{FAE04EC0-301F-11D3-BF4B-00C04F79EFBC}") = "Db2ModelMapper", "Db2ModelMapper\Db2ModelMapper.csproj", "{55C14C18-0B1E-4963-B2BA-A47C3682C9D4}"
EndProject
Global
	GlobalSection(SolutionConfigurationPlatforms) = preSolution
		Debug|Any CPU = Debug|Any CPU
		Release|Any CPU = Release|Any CPU
	EndGlobalSection
	GlobalSection(ProjectConfigurationPlatforms) = postSolution
		{55C14C18-0B1E-4963-B2BA-A47C3682C9D4}.Debug|Any CPU.ActiveCfg = Debug|Any CPU
		{55C14C18-0B1E-4963-B2BA-A47C3682C9D4}.Debug|Any CPU.Build.0 = Debug|Any CPU
		{55C14C18-0B1E-4963-B2BA-A47C3682C9D4}.Release|Any CPU.ActiveCfg = Release|Any CPU
		{55C14C18-0B1E-4963-B2BA-A47C3682C9D4}.Release|Any CPU.Build.0 = Release|Any CPU
	EndGlobalSection
	GlobalSection(SolutionProperties) = preSolution
		HideSolutionNode = FALSE
	EndGlobalSection
	GlobalSection(ExtensibilityGlobals) = postSolution
		SolutionGuid = {6251961F-62D3-41FC-8B15-B986A838D0E3}
	EndGlobalSection
EndGlobal
